// !$*UTF8*$!
{
	archiveVersion = 1;
	classes = {
	};
	objectVersion = 46;
	objects = {

/* Begin PBXBuildFile section */
		2CAEF0A31D64A8B700892C9F /* 09_01.c in Sources */ = {isa = PBXBuildFile; fileRef = 2CAEF0A21D64A8B700892C9F /* 09_01.c */; };
		2CAEF0AA1D64A8BF00892C9F /* 09_02.c in Sources */ = {isa = PBXBuildFile; fileRef = 2CAEF0A41D64A8BF00892C9F /* 09_02.c */; };
		2CAEF0B41D653DCC00892C9F /* 09_03.c in Sources */ = {isa = PBXBuildFile; fileRef = 2CAEF0B31D653DCC00892C9F /* 09_03.c */; };
		2CAEF0BA1D6593EE00892C9F /* tspbacktracking.c in Sources */ = {isa = PBXBuildFile; fileRef = 2CAEF0B81D6593EE00892C9F /* tspbacktracking.c */; };
		2CAEF0C41D66C15600892C9F /* mazebacktracking.c in Sources */ = {isa = PBXBuildFile; fileRef = 2CAEF0C21D66C15600892C9F /* mazebacktracking.c */; };
/* End PBXBuildFile section */

/* Begin PBXCopyFilesBuildPhase section */
		2CAEF0841D646A5A00892C9F /* CopyFiles */ = {
			isa = PBXCopyFilesBuildPhase;
			buildActionMask = 2147483647;
			dstPath = /usr/share/man/man1/;
			dstSubfolderSpec = 0;
			files = (
			);
			runOnlyForDeploymentPostprocessing = 1;
		};
		2CAEF0991D648DA700892C9F /* CopyFiles */ = {
			isa = PBXCopyFilesBuildPhase;
			buildActionMask = 2147483647;
			dstPath = /usr/share/man/man1/;
			dstSubfolderSpec = 0;
			files = (
			);
			runOnlyForDeploymentPostprocessing = 1;
		};
		2CAEF0AF1D653DCC00892C9F /* CopyFiles */ = {
			isa = PBXCopyFilesBuildPhase;
			buildActionMask = 2147483647;
			dstPath = /usr/share/man/man1/;
			dstSubfolderSpec = 0;
			files = (
			);
			runOnlyForDeploymentPostprocessing = 1;
		};
/* End PBXCopyFilesBuildPhase section */

/* Begin PBXFileReference section */
		2CAEF0861D646A5A00892C9F /* 09_01 */ = {isa = PBXFileReference; explicitFileType = "compiled.mach-o.executable"; includeInIndex = 0; path = 09_01; sourceTree = BUILT_PRODUCTS_DIR; };
		2CAEF09B1D648DA700892C9F /* 09_02 */ = {isa = PBXFileReference; explicitFileType = "compiled.mach-o.executable"; includeInIndex = 0; path = 09_02; sourceTree = BUILT_PRODUCTS_DIR; };
		2CAEF0A21D64A8B700892C9F /* 09_01.c */ = {isa = PBXFileReference; fileEncoding = 4; lastKnownFileType = sourcecode.c.c; path = 09_01.c; sourceTree = "<group>"; };
		2CAEF0A41D64A8BF00892C9F /* 09_02.c */ = {isa = PBXFileReference; fileEncoding = 4; lastKnownFileType = sourcecode.c.c; path = 09_02.c; sourceTree = "<group>"; };
		2CAEF0B11D653DCC00892C9F /* 09_03 */ = {isa = PBXFileReference; explicitFileType = "compiled.mach-o.executable"; includeInIndex = 0; path = 09_03; sourceTree = BUILT_PRODUCTS_DIR; };
		2CAEF0B31D653DCC00892C9F /* 09_03.c */ = {isa = PBXFileReference; lastKnownFileType = sourcecode.c.c; path = 09_03.c; sourceTree = "<group>"; };
		2CAEF0B81D6593EE00892C9F /* tspbacktracking.c */ = {isa = PBXFileReference; fileEncoding = 4; lastKnownFileType = sourcecode.c.c; path = tspbacktracking.c; sourceTree = "<group>"; };
		2CAEF0B91D6593EE00892C9F /* tspbacktracking.h */ = {isa = PBXFileReference; fileEncoding = 4; lastKnownFileType = sourcecode.c.h; path = tspbacktracking.h; sourceTree = "<group>"; };
		2CAEF0C21D66C15600892C9F /* mazebacktracking.c */ = {isa = PBXFileReference; fileEncoding = 4; lastKnownFileType = sourcecode.c.c; path = mazebacktracking.c; sourceTree = "<group>"; };
		2CAEF0C31D66C15600892C9F /* mazebacktracking.h */ = {isa = PBXFileReference; fileEncoding = 4; lastKnownFileType = sourcecode.c.h; path = mazebacktracking.h; sourceTree = "<group>"; };
/* End PBXFileReference section */

/* Begin PBXFrameworksBuildPhase section */
		2CAEF0831D646A5A00892C9F /* Frameworks */ = {
			isa = PBXFrameworksBuildPhase;
			buildActionMask = 2147483647;
			files = (
			);
			runOnlyForDeploymentPostprocessing = 0;
		};
		2CAEF0981D648DA700892C9F /* Frameworks */ = {
			isa = PBXFrameworksBuildPhase;
			buildActionMask = 2147483647;
			files = (
			);
			runOnlyForDeploymentPostprocessing = 0;
		};
		2CAEF0AE1D653DCC00892C9F /* Frameworks */ = {
			isa = PBXFrameworksBuildPhase;
			buildActionMask = 2147483647;
			files = (
			);
			runOnlyForDeploymentPostprocessing = 0;
		};
/* End PBXFrameworksBuildPhase section */

/* Begin PBXGroup section */
		2CAEF06F1D646A4D00892C9F = {
			isa = PBXGroup;
			children = (
				2CAEF0871D646A5A00892C9F /* 09_01 */,
				2CAEF09C1D648DA700892C9F /* 09_02 */,
				2CAEF0B21D653DCC00892C9F /* 09_03 */,
				2CAEF0791D646A4D00892C9F /* Products */,
			);
			sourceTree = "<group>";
		};
		2CAEF0791D646A4D00892C9F /* Products */ = {
			isa = PBXGroup;
			children = (
				2CAEF0861D646A5A00892C9F /* 09_01 */,
				2CAEF09B1D648DA700892C9F /* 09_02 */,
				2CAEF0B11D653DCC00892C9F /* 09_03 */,
			);
			name = Products;
			sourceTree = "<group>";
		};
		2CAEF0871D646A5A00892C9F /* 09_01 */ = {
			isa = PBXGroup;
			children = (
				2CAEF0A21D64A8B700892C9F /* 09_01.c */,
				2CAEF0B81D6593EE00892C9F /* tspbacktracking.c */,
				2CAEF0B91D6593EE00892C9F /* tspbacktracking.h */,
			);
			path = 09_01;
			sourceTree = "<group>";
		};
		2CAEF09C1D648DA700892C9F /* 09_02 */ = {
			isa = PBXGroup;
			children = (
				2CAEF0A41D64A8BF00892C9F /* 09_02.c */,
			);
			path = 09_02;
			sourceTree = "<group>";
		};
		2CAEF0B21D653DCC00892C9F /* 09_03 */ = {
			isa = PBXGroup;
			children = (
				2CAEF0B31D653DCC00892C9F /* 09_03.c */,
				2CAEF0C21D66C15600892C9F /* mazebacktracking.c */,
				2CAEF0C31D66C15600892C9F /* mazebacktracking.h */,
			);
			path = 09_03;
			sourceTree = "<group>";
		};
/* End PBXGroup section */

/* Begin PBXNativeTarget section */
		2CAEF0851D646A5A00892C9F /* 09_01 */ = {
			isa = PBXNativeTarget;
			buildConfigurationList = 2CAEF08A1D646A5A00892C9F /* Build configuration list for PBXNativeTarget "09_01" */;
			buildPhases = (
				2CAEF0821D646A5A00892C9F /* Sources */,
				2CAEF0831D646A5A00892C9F /* Frameworks */,
				2CAEF0841D646A5A00892C9F /* CopyFiles */,
			);
			buildRules = (
			);
			dependencies = (
			);
			name = 09_01;
			productName = 09_01;
			productReference = 2CAEF0861D646A5A00892C9F /* 09_01 */;
			productType = "com.apple.product-type.tool";
		};
		2CAEF09A1D648DA700892C9F /* 09_02 */ = {
			isa = PBXNativeTarget;
			buildConfigurationList = 2CAEF09F1D648DA700892C9F /* Build configuration list for PBXNativeTarget "09_02" */;
			buildPhases = (
				2CAEF0971D648DA700892C9F /* Sources */,
				2CAEF0981D648DA700892C9F /* Frameworks */,
				2CAEF0991D648DA700892C9F /* CopyFiles */,
			);
			buildRules = (
			);
			dependencies = (
			);
			name = 09_02;
			productName = 09_02;
			productReference = 2CAEF09B1D648DA700892C9F /* 09_02 */;
			productType = "com.apple.product-type.tool";
		};
		2CAEF0B01D653DCC00892C9F /* 09_03 */ = {
			isa = PBXNativeTarget;
			buildConfigurationList = 2CAEF0B71D653DCC00892C9F /* Build configuration list for PBXNativeTarget "09_03" */;
			buildPhases = (
				2CAEF0AD1D653DCC00892C9F /* Sources */,
				2CAEF0AE1D653DCC00892C9F /* Frameworks */,
				2CAEF0AF1D653DCC00892C9F /* CopyFiles */,
			);
			buildRules = (
			);
			dependencies = (
			);
			name = 09_03;
			productName = 09_03;
			productReference = 2CAEF0B11D653DCC00892C9F /* 09_03 */;
			productType = "com.apple.product-type.tool";
		};
/* End PBXNativeTarget section */

/* Begin PBXProject section */
		2CAEF0701D646A4D00892C9F /* Project object */ = {
			isa = PBXProject;
			attributes = {
				LastUpgradeCheck = 0800;
				ORGANIZATIONNAME = "Lee Sang Jin";
				TargetAttributes = {
					2CAEF0851D646A5A00892C9F = {
						CreatedOnToolsVersion = 7.3.1;
					};
					2CAEF09A1D648DA700892C9F = {
						CreatedOnToolsVersion = 7.3.1;
					};
					2CAEF0B01D653DCC00892C9F = {
						CreatedOnToolsVersion = 7.3.1;
					};
				};
			};
			buildConfigurationList = 2CAEF0731D646A4D00892C9F /* Build configuration list for PBXProject "09" */;
			compatibilityVersion = "Xcode 3.2";
			developmentRegion = English;
			hasScannedForEncodings = 0;
			knownRegions = (
				en,
			);
			mainGroup = 2CAEF06F1D646A4D00892C9F;
			productRefGroup = 2CAEF0791D646A4D00892C9F /* Products */;
			projectDirPath = "";
			projectRoot = "";
			targets = (
				2CAEF0851D646A5A00892C9F /* 09_01 */,
				2CAEF09A1D648DA700892C9F /* 09_02 */,
				2CAEF0B01D653DCC00892C9F /* 09_03 */,
			);
		};
/* End PBXProject section */

/* Begin PBXSourcesBuildPhase section */
		2CAEF0821D646A5A00892C9F /* Sources */ = {
			isa = PBXSourcesBuildPhase;
			buildActionMask = 2147483647;
			files = (
				2CAEF0A31D64A8B700892C9F /* 09_01.c in Sources */,
				2CAEF0BA1D6593EE00892C9F /* tspbacktracking.c in Sources */,
			);
			runOnlyForDeploymentPostprocessing = 0;
		};
		2CAEF0971D648DA700892C9F /* Sources */ = {
			isa = PBXSourcesBuildPhase;
			buildActionMask = 2147483647;
			files = (
				2CAEF0AA1D64A8BF00892C9F /* 09_02.c in Sources */,
			);
			runOnlyForDeploymentPostprocessing = 0;
		};
		2CAEF0AD1D653DCC00892C9F /* Sources */ = {
			isa = PBXSourcesBuildPhase;
			buildActionMask = 2147483647;
			files = (
				2CAEF0C41D66C15600892C9F /* mazebacktracking.c in Sources */,
				2CAEF0B41D653DCC00892C9F /* 09_03.c in Sources */,
			);
			runOnlyForDeploymentPostprocessing = 0;
		};
/* End PBXSourcesBuildPhase section */

/* Begin XCBuildConfiguration section */
		2CAEF07D1D646A4D00892C9F /* Debug */ = {
			isa = XCBuildConfiguration;
			buildSettings = {
				ALWAYS_SEARCH_USER_PATHS = NO;
				CLANG_ANALYZER_NONNULL = YES;
				CLANG_CXX_LANGUAGE_STANDARD = "gnu++0x";
				CLANG_CXX_LIBRARY = "libc++";
				CLANG_ENABLE_MODULES = YES;
				CLANG_ENABLE_OBJC_ARC = YES;
				CLANG_WARN_BOOL_CONVERSION = YES;
				CLANG_WARN_CONSTANT_CONVERSION = YES;
				CLANG_WARN_DIRECT_OBJC_ISA_USAGE = YES_ERROR;
				CLANG_WARN_EMPTY_BODY = YES;
				CLANG_WARN_ENUM_CONVERSION = YES;
				CLANG_WARN_INFINITE_RECURSION = YES;
				CLANG_WARN_INT_CONVERSION = YES;
				CLANG_WARN_OBJC_ROOT_CLASS = YES_ERROR;
				CLANG_WARN_SUSPICIOUS_MOVE = YES;
				CLANG_WARN_UNREACHABLE_CODE = YES;
				CLANG_WARN__DUPLICATE_METHOD_MATCH = YES;
				CODE_SIGN_IDENTITY = "-";
				COPY_PHASE_STRIP = NO;
				DEBUG_INFORMATION_FORMAT = dwarf;
				ENABLE_STRICT_OBJC_MSGSEND = YES;
				ENABLE_TESTABILITY = YES;
				GCC_C_LANGUAGE_STANDARD = gnu99;
				GCC_DYNAMIC_NO_PIC = NO;
				GCC_NO_COMMON_BLOCKS = YES;
				GCC_OPTIMIZATION_LEVEL = 0;
				GCC_PREPROCESSOR_DEFINITIONS = (
					"DEBUG=1",
					"$(inherited)",
				);
				GCC_WARN_64_TO_32_BIT_CONVERSION = YES;
				GCC_WARN_ABOUT_RETURN_TYPE = YES_ERROR;
				GCC_WARN_UNDECLARED_SELECTOR = YES;
				GCC_WARN_UNINITIALIZED_AUTOS = YES_AGGRESSIVE;
				GCC_WARN_UNUSED_FUNCTION = YES;
				GCC_WARN_UNUSED_VARIABLE = YES;
				MACOSX_DEPLOYMENT_TARGET = 10.11;
				MTL_ENABLE_DEBUG_INFO = YES;
				ONLY_ACTIVE_ARCH = YES;
				SDKROOT = macosx;
			};
			name = Debug;
		};
		2CAEF07E1D646A4D00892C9F /* Release */ = {
			isa = XCBuildConfiguration;
			buildSettings = {
				ALWAYS_SEARCH_USER_PATHS = NO;
				CLANG_ANALYZER_NONNULL = YES;
				CLANG_CXX_LANGUAGE_STANDARD = "gnu++0x";
				CLANG_CXX_LIBRARY = "libc++";
				CLANG_ENABLE_MODULES = YES;
				CLANG_ENABLE_OBJC_ARC = YES;
				CLANG_WARN_BOOL_CONVERSION = YES;
				CLANG_WARN_CONSTANT_CONVERSION = YES;
				CLANG_WARN_DIRECT_OBJC_ISA_USAGE = YES_ERROR;
				CLANG_WARN_EMPTY_BODY = YES;
				CLANG_WARN_ENUM_CONVERSION = YES;
				CLANG_WARN_INFINITE_RECURSION = YES;
				CLANG_WARN_INT_CONVERSION = YES;
				CLANG_WARN_OBJC_ROOT_CLASS = YES_ERROR;
				CLANG_WARN_SUSPICIOUS_MOVE = YES;
				CLANG_WARN_UNREACHABLE_CODE = YES;
				CLANG_WARN__DUPLICATE_METHOD_MATCH = YES;
				CODE_SIGN_IDENTITY = "-";
				COPY_PHASE_STRIP = NO;
				DEBUG_INFORMATION_FORMAT = "dwarf-with-dsym";
				ENABLE_NS_ASSERTIONS = NO;
				ENABLE_STRICT_OBJC_MSGSEND = YES;
				GCC_C_LANGUAGE_STANDARD = gnu99;
				GCC_NO_COMMON_BLOCKS = YES;
				GCC_WARN_64_TO_32_BIT_CONVERSION = YES;
				GCC_WARN_ABOUT_RETURN_TYPE = YES_ERROR;
				GCC_WARN_UNDECLARED_SELECTOR = YES;
				GCC_WARN_UNINITIALIZED_AUTOS = YES_AGGRESSIVE;
				GCC_WARN_UNUSED_FUNCTION = YES;
				GCC_WARN_UNUSED_VARIABLE = YES;
				MACOSX_DEPLOYMENT_TARGET = 10.11;
				MTL_ENABLE_DEBUG_INFO = NO;
				SDKROOT = macosx;
			};
			name = Release;
		};
		2CAEF08B1D646A5A00892C9F /* Debug */ = {
			isa = XCBuildConfiguration;
			buildSettings = {
				PRODUCT_NAME = "$(TARGET_NAME)";
			};
			name = Debug;
		};
		2CAEF08C1D646A5A00892C9F /* Release */ = {
			isa = XCBuildConfiguration;
			buildSettings = {
				PRODUCT_NAME = "$(TARGET_NAME)";
			};
			name = Release;
		};
		2CAEF0A01D648DA700892C9F /* Debug */ = {
			isa = XCBuildConfiguration;
			buildSettings = {
				PRODUCT_NAME = "$(TARGET_NAME)";
			};
			name = Debug;
		};
		2CAEF0A11D648DA700892C9F /* Release */ = {
			isa = XCBuildConfiguration;
			buildSettings = {
				PRODUCT_NAME = "$(TARGET_NAME)";
			};
			name = Release;
		};
		2CAEF0B51D653DCC00892C9F /* Debug */ = {
			isa = XCBuildConfiguration;
			buildSettings = {
				PRODUCT_NAME = "$(TARGET_NAME)";
			};
			name = Debug;
		};
		2CAEF0B61D653DCC00892C9F /* Release */ = {
			isa = XCBuildConfiguration;
			buildSettings = {
				PRODUCT_NAME = "$(TARGET_NAME)";
			};
			name = Release;
		};
/* End XCBuildConfiguration section */

/* Begin XCConfigurationList section */
		2CAEF0731D646A4D00892C9F /* Build configuration list for PBXProject "09" */ = {
			isa = XCConfigurationList;
			buildConfigurations = (
				2CAEF07D1D646A4D00892C9F /* Debug */,
				2CAEF07E1D646A4D00892C9F /* Release */,
			);
			defaultConfigurationIsVisible = 0;
			defaultConfigurationName = Release;
		};
		2CAEF08A1D646A5A00892C9F /* Build configuration list for PBXNativeTarget "09_01" */ = {
			isa = XCConfigurationList;
			buildConfigurations = (
				2CAEF08B1D646A5A00892C9F /* Debug */,
				2CAEF08C1D646A5A00892C9F /* Release */,
			);
			defaultConfigurationIsVisible = 0;
			defaultConfigurationName = Release;
		};
		2CAEF09F1D648DA700892C9F /* Build configuration list for PBXNativeTarget "09_02" */ = {
			isa = XCConfigurationList;
			buildConfigurations = (
				2CAEF0A01D648DA700892C9F /* Debug */,
				2CAEF0A11D648DA700892C9F /* Release */,
			);
			defaultConfigurationIsVisible = 0;
			defaultConfigurationName = Release;
		};
		2CAEF0B71D653DCC00892C9F /* Build configuration list for PBXNativeTarget "09_03" */ = {
			isa = XCConfigurationList;
			buildConfigurations = (
				2CAEF0B51D653DCC00892C9F /* Debug */,
				2CAEF0B61D653DCC00892C9F /* Release */,
			);
			defaultConfigurationIsVisible = 0;
			defaultConfigurationName = Release;
		};
/* End XCConfigurationList section */
	};
	rootObject = 2CAEF0701D646A4D00892C9F /* Project object */;
}
