// !$*UTF8*$!
{
	archiveVersion = 1;
	classes = {
	};
	objectVersion = 46;
	objects = {

/* Begin PBXBuildFile section */
		2CAC020F1D942F7D0074F020 /* 04_01.c in Sources */ = {isa = PBXBuildFile; fileRef = 2CAC02081D942F7D0074F020 /* 04_01.c */; };
		2CAC02101D942F7D0074F020 /* btree.c in Sources */ = {isa = PBXBuildFile; fileRef = 2CAC02091D942F7D0074F020 /* btree.c */; };
		2CAC02111D942F7D0074F020 /* btlinkedstack.c in Sources */ = {isa = PBXBuildFile; fileRef = 2CAC020D1D942F7D0074F020 /* btlinkedstack.c */; };
/* End PBXBuildFile section */

/* Begin PBXCopyFilesBuildPhase section */
		2CAC01FF1D942F480074F020 /* CopyFiles */ = {
			isa = PBXCopyFilesBuildPhase;
			buildActionMask = 2147483647;
			dstPath = /usr/share/man/man1/;
			dstSubfolderSpec = 0;
			files = (
			);
			runOnlyForDeploymentPostprocessing = 1;
		};
/* End PBXCopyFilesBuildPhase section */

/* Begin PBXFileReference section */
		2CAC02011D942F480074F020 /* 04_01 */ = {isa = PBXFileReference; explicitFileType = "compiled.mach-o.executable"; includeInIndex = 0; path = 04_01; sourceTree = BUILT_PRODUCTS_DIR; };
		2CAC02081D942F7D0074F020 /* 04_01.c */ = {isa = PBXFileReference; fileEncoding = 4; lastKnownFileType = sourcecode.c.c; path = 04_01.c; sourceTree = "<group>"; };
		2CAC02091D942F7D0074F020 /* btree.c */ = {isa = PBXFileReference; fileEncoding = 4; lastKnownFileType = sourcecode.c.c; path = btree.c; sourceTree = "<group>"; };
		2CAC020A1D942F7D0074F020 /* btreedef.h */ = {isa = PBXFileReference; fileEncoding = 4; lastKnownFileType = sourcecode.c.h; path = btreedef.h; sourceTree = "<group>"; };
		2CAC020B1D942F7D0074F020 /* btree.h */ = {isa = PBXFileReference; fileEncoding = 4; lastKnownFileType = sourcecode.c.h; path = btree.h; sourceTree = "<group>"; };
		2CAC020C1D942F7D0074F020 /* btlinkedstack.h */ = {isa = PBXFileReference; fileEncoding = 4; lastKnownFileType = sourcecode.c.h; path = btlinkedstack.h; sourceTree = "<group>"; };
		2CAC020D1D942F7D0074F020 /* btlinkedstack.c */ = {isa = PBXFileReference; fileEncoding = 4; lastKnownFileType = sourcecode.c.c; path = btlinkedstack.c; sourceTree = "<group>"; };
/* End PBXFileReference section */

/* Begin PBXFrameworksBuildPhase section */
		2CAC01FE1D942F480074F020 /* Frameworks */ = {
			isa = PBXFrameworksBuildPhase;
			buildActionMask = 2147483647;
			files = (
			);
			runOnlyForDeploymentPostprocessing = 0;
		};
/* End PBXFrameworksBuildPhase section */

/* Begin PBXGroup section */
		2CAC01EA1D942F220074F020 = {
			isa = PBXGroup;
			children = (
				2CAC02021D942F480074F020 /* 04_01 */,
				2CAC01F41D942F220074F020 /* Products */,
			);
			sourceTree = "<group>";
		};
		2CAC01F41D942F220074F020 /* Products */ = {
			isa = PBXGroup;
			children = (
				2CAC02011D942F480074F020 /* 04_01 */,
			);
			name = Products;
			sourceTree = "<group>";
		};
		2CAC02021D942F480074F020 /* 04_01 */ = {
			isa = PBXGroup;
			children = (
				2CAC02081D942F7D0074F020 /* 04_01.c */,
				2CAC02091D942F7D0074F020 /* btree.c */,
				2CAC020A1D942F7D0074F020 /* btreedef.h */,
				2CAC020B1D942F7D0074F020 /* btree.h */,
				2CAC020C1D942F7D0074F020 /* btlinkedstack.h */,
				2CAC020D1D942F7D0074F020 /* btlinkedstack.c */,
			);
			path = 04_01;
			sourceTree = "<group>";
		};
/* End PBXGroup section */

/* Begin PBXNativeTarget section */
		2CAC02001D942F480074F020 /* 04_01 */ = {
			isa = PBXNativeTarget;
			buildConfigurationList = 2CAC02051D942F480074F020 /* Build configuration list for PBXNativeTarget "04_01" */;
			buildPhases = (
				2CAC01FD1D942F480074F020 /* Sources */,
				2CAC01FE1D942F480074F020 /* Frameworks */,
				2CAC01FF1D942F480074F020 /* CopyFiles */,
			);
			buildRules = (
			);
			dependencies = (
			);
			name = 04_01;
			productName = 04_01;
			productReference = 2CAC02011D942F480074F020 /* 04_01 */;
			productType = "com.apple.product-type.tool";
		};
/* End PBXNativeTarget section */

/* Begin PBXProject section */
		2CAC01EB1D942F220074F020 /* Project object */ = {
			isa = PBXProject;
			attributes = {
				LastUpgradeCheck = 0800;
				ORGANIZATIONNAME = "Lee Sang Jin";
				TargetAttributes = {
					2CAC02001D942F480074F020 = {
						CreatedOnToolsVersion = 8.0;
						ProvisioningStyle = Automatic;
					};
				};
			};
			buildConfigurationList = 2CAC01EE1D942F220074F020 /* Build configuration list for PBXProject "04" */;
			compatibilityVersion = "Xcode 3.2";
			developmentRegion = English;
			hasScannedForEncodings = 0;
			knownRegions = (
				en,
			);
			mainGroup = 2CAC01EA1D942F220074F020;
			productRefGroup = 2CAC01F41D942F220074F020 /* Products */;
			projectDirPath = "";
			projectRoot = "";
			targets = (
				2CAC02001D942F480074F020 /* 04_01 */,
			);
		};
/* End PBXProject section */

/* Begin PBXSourcesBuildPhase section */
		2CAC01FD1D942F480074F020 /* Sources */ = {
			isa = PBXSourcesBuildPhase;
			buildActionMask = 2147483647;
			files = (
				2CAC02101D942F7D0074F020 /* btree.c in Sources */,
				2CAC020F1D942F7D0074F020 /* 04_01.c in Sources */,
				2CAC02111D942F7D0074F020 /* btlinkedstack.c in Sources */,
			);
			runOnlyForDeploymentPostprocessing = 0;
		};
/* End PBXSourcesBuildPhase section */

/* Begin XCBuildConfiguration section */
		2CAC01F81D942F220074F020 /* Debug */ = {
			isa = XCBuildConfiguration;
			buildSettings = {
				ALWAYS_SEARCH_USER_PATHS = NO;
				CLANG_ANALYZER_NONNULL = YES;
				CLANG_CXX_LANGUAGE_STANDARD = "gnu++0x";
				CLANG_CXX_LIBRARY = "libc++";
				CLANG_ENABLE_MODULES = YES;
				CLANG_ENABLE_OBJC_ARC = YES;
				CLANG_WARN_BOOL_CONVERSION = YES;
				CLANG_WARN_CONSTANT_CONVERSION = YES;
				CLANG_WARN_DIRECT_OBJC_ISA_USAGE = YES_ERROR;
				CLANG_WARN_DOCUMENTATION_COMMENTS = YES;
				CLANG_WARN_EMPTY_BODY = YES;
				CLANG_WARN_ENUM_CONVERSION = YES;
				CLANG_WARN_INFINITE_RECURSION = YES;
				CLANG_WARN_INT_CONVERSION = YES;
				CLANG_WARN_OBJC_ROOT_CLASS = YES_ERROR;
				CLANG_WARN_SUSPICIOUS_MOVES = YES;
				CLANG_WARN_UNREACHABLE_CODE = YES;
				CLANG_WARN__DUPLICATE_METHOD_MATCH = YES;
				CODE_SIGN_IDENTITY = "-";
				COPY_PHASE_STRIP = NO;
				DEBUG_INFORMATION_FORMAT = dwarf;
				ENABLE_STRICT_OBJC_MSGSEND = YES;
				ENABLE_TESTABILITY = YES;
				GCC_C_LANGUAGE_STANDARD = gnu99;
				GCC_DYNAMIC_NO_PIC = NO;
				GCC_NO_COMMON_BLOCKS = YES;
				GCC_OPTIMIZATION_LEVEL = 0;
				GCC_PREPROCESSOR_DEFINITIONS = (
					"DEBUG=1",
					"$(inherited)",
				);
				GCC_WARN_64_TO_32_BIT_CONVERSION = YES;
				GCC_WARN_ABOUT_RETURN_TYPE = YES_ERROR;
				GCC_WARN_UNDECLARED_SELECTOR = YES;
				GCC_WARN_UNINITIALIZED_AUTOS = YES_AGGRESSIVE;
				GCC_WARN_UNUSED_FUNCTION = YES;
				GCC_WARN_UNUSED_VARIABLE = YES;
				MACOSX_DEPLOYMENT_TARGET = 10.11;
				MTL_ENABLE_DEBUG_INFO = YES;
				ONLY_ACTIVE_ARCH = YES;
				SDKROOT = macosx;
			};
			name = Debug;
		};
		2CAC01F91D942F220074F020 /* Release */ = {
			isa = XCBuildConfiguration;
			buildSettings = {
				ALWAYS_SEARCH_USER_PATHS = NO;
				CLANG_ANALYZER_NONNULL = YES;
				CLANG_CXX_LANGUAGE_STANDARD = "gnu++0x";
				CLANG_CXX_LIBRARY = "libc++";
				CLANG_ENABLE_MODULES = YES;
				CLANG_ENABLE_OBJC_ARC = YES;
				CLANG_WARN_BOOL_CONVERSION = YES;
				CLANG_WARN_CONSTANT_CONVERSION = YES;
				CLANG_WARN_DIRECT_OBJC_ISA_USAGE = YES_ERROR;
				CLANG_WARN_DOCUMENTATION_COMMENTS = YES;
				CLANG_WARN_EMPTY_BODY = YES;
				CLANG_WARN_ENUM_CONVERSION = YES;
				CLANG_WARN_INFINITE_RECURSION = YES;
				CLANG_WARN_INT_CONVERSION = YES;
				CLANG_WARN_OBJC_ROOT_CLASS = YES_ERROR;
				CLANG_WARN_SUSPICIOUS_MOVES = YES;
				CLANG_WARN_UNREACHABLE_CODE = YES;
				CLANG_WARN__DUPLICATE_METHOD_MATCH = YES;
				CODE_SIGN_IDENTITY = "-";
				COPY_PHASE_STRIP = NO;
				DEBUG_INFORMATION_FORMAT = "dwarf-with-dsym";
				ENABLE_NS_ASSERTIONS = NO;
				ENABLE_STRICT_OBJC_MSGSEND = YES;
				GCC_C_LANGUAGE_STANDARD = gnu99;
				GCC_NO_COMMON_BLOCKS = YES;
				GCC_WARN_64_TO_32_BIT_CONVERSION = YES;
				GCC_WARN_ABOUT_RETURN_TYPE = YES_ERROR;
				GCC_WARN_UNDECLARED_SELECTOR = YES;
				GCC_WARN_UNINITIALIZED_AUTOS = YES_AGGRESSIVE;
				GCC_WARN_UNUSED_FUNCTION = YES;
				GCC_WARN_UNUSED_VARIABLE = YES;
				MACOSX_DEPLOYMENT_TARGET = 10.11;
				MTL_ENABLE_DEBUG_INFO = NO;
				SDKROOT = macosx;
			};
			name = Release;
		};
		2CAC02061D942F480074F020 /* Debug */ = {
			isa = XCBuildConfiguration;
			buildSettings = {
				PRODUCT_NAME = "$(TARGET_NAME)";
			};
			name = Debug;
		};
		2CAC02071D942F480074F020 /* Release */ = {
			isa = XCBuildConfiguration;
			buildSettings = {
				PRODUCT_NAME = "$(TARGET_NAME)";
			};
			name = Release;
		};
/* End XCBuildConfiguration section */

/* Begin XCConfigurationList section */
		2CAC01EE1D942F220074F020 /* Build configuration list for PBXProject "04" */ = {
			isa = XCConfigurationList;
			buildConfigurations = (
				2CAC01F81D942F220074F020 /* Debug */,
				2CAC01F91D942F220074F020 /* Release */,
			);
			defaultConfigurationIsVisible = 0;
			defaultConfigurationName = Release;
		};
		2CAC02051D942F480074F020 /* Build configuration list for PBXNativeTarget "04_01" */ = {
			isa = XCConfigurationList;
			buildConfigurations = (
				2CAC02061D942F480074F020 /* Debug */,
				2CAC02071D942F480074F020 /* Release */,
			);
			defaultConfigurationIsVisible = 0;
		};
/* End XCConfigurationList section */
	};
	rootObject = 2CAC01EB1D942F220074F020 /* Project object */;
}
