// !$*UTF8*$!
{
	archiveVersion = 1;
	classes = {
	};
	objectVersion = 46;
	objects = {

/* Begin PBXBuildFile section */
		2C48B0591D8A6FD700A07D16 /* 03_01.c in Sources */ = {isa = PBXBuildFile; fileRef = 2C48B0561D8A6FD700A07D16 /* 03_01.c */; };
		2C48B05A1D8A6FD700A07D16 /* hashsearch.c in Sources */ = {isa = PBXBuildFile; fileRef = 2C48B0571D8A6FD700A07D16 /* hashsearch.c */; };
		2C48B0611D8A6FFE00A07D16 /* 03_02.c in Sources */ = {isa = PBXBuildFile; fileRef = 2C48B05B1D8A6FFE00A07D16 /* 03_02.c */; };
		2C48B0621D8A6FFE00A07D16 /* linkedlist.c in Sources */ = {isa = PBXBuildFile; fileRef = 2C48B05C1D8A6FFE00A07D16 /* linkedlist.c */; };
		2C48B0631D8A6FFE00A07D16 /* hashsearch_chain.c in Sources */ = {isa = PBXBuildFile; fileRef = 2C48B05F1D8A6FFE00A07D16 /* hashsearch_chain.c */; };
/* End PBXBuildFile section */

/* Begin PBXCopyFilesBuildPhase section */
		2C48B0421D8A6FA100A07D16 /* CopyFiles */ = {
			isa = PBXCopyFilesBuildPhase;
			buildActionMask = 2147483647;
			dstPath = /usr/share/man/man1/;
			dstSubfolderSpec = 0;
			files = (
			);
			runOnlyForDeploymentPostprocessing = 1;
		};
		2C48B04D1D8A6FAC00A07D16 /* CopyFiles */ = {
			isa = PBXCopyFilesBuildPhase;
			buildActionMask = 2147483647;
			dstPath = /usr/share/man/man1/;
			dstSubfolderSpec = 0;
			files = (
			);
			runOnlyForDeploymentPostprocessing = 1;
		};
/* End PBXCopyFilesBuildPhase section */

/* Begin PBXFileReference section */
		2C48B0441D8A6FA100A07D16 /* 03_01 */ = {isa = PBXFileReference; explicitFileType = "compiled.mach-o.executable"; includeInIndex = 0; path = 03_01; sourceTree = BUILT_PRODUCTS_DIR; };
		2C48B04F1D8A6FAC00A07D16 /* 03_02 */ = {isa = PBXFileReference; explicitFileType = "compiled.mach-o.executable"; includeInIndex = 0; path = 03_02; sourceTree = BUILT_PRODUCTS_DIR; };
		2C48B0561D8A6FD700A07D16 /* 03_01.c */ = {isa = PBXFileReference; fileEncoding = 4; lastKnownFileType = sourcecode.c.c; path = 03_01.c; sourceTree = "<group>"; };
		2C48B0571D8A6FD700A07D16 /* hashsearch.c */ = {isa = PBXFileReference; fileEncoding = 4; lastKnownFileType = sourcecode.c.c; path = hashsearch.c; sourceTree = "<group>"; };
		2C48B0581D8A6FD700A07D16 /* hashsearch.h */ = {isa = PBXFileReference; fileEncoding = 4; lastKnownFileType = sourcecode.c.h; path = hashsearch.h; sourceTree = "<group>"; };
		2C48B05B1D8A6FFE00A07D16 /* 03_02.c */ = {isa = PBXFileReference; fileEncoding = 4; lastKnownFileType = sourcecode.c.c; path = 03_02.c; sourceTree = "<group>"; };
		2C48B05C1D8A6FFE00A07D16 /* linkedlist.c */ = {isa = PBXFileReference; fileEncoding = 4; lastKnownFileType = sourcecode.c.c; path = linkedlist.c; sourceTree = "<group>"; };
		2C48B05D1D8A6FFE00A07D16 /* linkedlist.h */ = {isa = PBXFileReference; fileEncoding = 4; lastKnownFileType = sourcecode.c.h; path = linkedlist.h; sourceTree = "<group>"; };
		2C48B05E1D8A6FFE00A07D16 /* hashdef.h */ = {isa = PBXFileReference; fileEncoding = 4; lastKnownFileType = sourcecode.c.h; path = hashdef.h; sourceTree = "<group>"; };
		2C48B05F1D8A6FFE00A07D16 /* hashsearch_chain.c */ = {isa = PBXFileReference; fileEncoding = 4; lastKnownFileType = sourcecode.c.c; path = hashsearch_chain.c; sourceTree = "<group>"; };
		2C48B0601D8A6FFE00A07D16 /* hashsearch_chain.h */ = {isa = PBXFileReference; fileEncoding = 4; lastKnownFileType = sourcecode.c.h; path = hashsearch_chain.h; sourceTree = "<group>"; };
/* End PBXFileReference section */

/* Begin PBXFrameworksBuildPhase section */
		2C48B0411D8A6FA100A07D16 /* Frameworks */ = {
			isa = PBXFrameworksBuildPhase;
			buildActionMask = 2147483647;
			files = (
			);
			runOnlyForDeploymentPostprocessing = 0;
		};
		2C48B04C1D8A6FAC00A07D16 /* Frameworks */ = {
			isa = PBXFrameworksBuildPhase;
			buildActionMask = 2147483647;
			files = (
			);
			runOnlyForDeploymentPostprocessing = 0;
		};
/* End PBXFrameworksBuildPhase section */

/* Begin PBXGroup section */
		2C48B0451D8A6FA100A07D16 /* 03_01 */ = {
			isa = PBXGroup;
			children = (
				2C48B0561D8A6FD700A07D16 /* 03_01.c */,
				2C48B0571D8A6FD700A07D16 /* hashsearch.c */,
				2C48B0581D8A6FD700A07D16 /* hashsearch.h */,
			);
			path = 03_01;
			sourceTree = "<group>";
		};
		2C48B0501D8A6FAC00A07D16 /* 03_02 */ = {
			isa = PBXGroup;
			children = (
				2C48B05B1D8A6FFE00A07D16 /* 03_02.c */,
				2C48B05C1D8A6FFE00A07D16 /* linkedlist.c */,
				2C48B05D1D8A6FFE00A07D16 /* linkedlist.h */,
				2C48B05E1D8A6FFE00A07D16 /* hashdef.h */,
				2C48B05F1D8A6FFE00A07D16 /* hashsearch_chain.c */,
				2C48B0601D8A6FFE00A07D16 /* hashsearch_chain.h */,
			);
			path = 03_02;
			sourceTree = "<group>";
		};
		2C8F11531CF742BC00476B60 = {
			isa = PBXGroup;
			children = (
				2C48B0451D8A6FA100A07D16 /* 03_01 */,
				2C48B0501D8A6FAC00A07D16 /* 03_02 */,
				2C8F115D1CF742BC00476B60 /* Products */,
			);
			sourceTree = "<group>";
		};
		2C8F115D1CF742BC00476B60 /* Products */ = {
			isa = PBXGroup;
			children = (
				2C48B0441D8A6FA100A07D16 /* 03_01 */,
				2C48B04F1D8A6FAC00A07D16 /* 03_02 */,
			);
			name = Products;
			sourceTree = "<group>";
		};
/* End PBXGroup section */

/* Begin PBXNativeTarget section */
		2C48B0431D8A6FA100A07D16 /* 03_01 */ = {
			isa = PBXNativeTarget;
			buildConfigurationList = 2C48B0481D8A6FA100A07D16 /* Build configuration list for PBXNativeTarget "03_01" */;
			buildPhases = (
				2C48B0401D8A6FA100A07D16 /* Sources */,
				2C48B0411D8A6FA100A07D16 /* Frameworks */,
				2C48B0421D8A6FA100A07D16 /* CopyFiles */,
			);
			buildRules = (
			);
			dependencies = (
			);
			name = 03_01;
			productName = 03_01;
			productReference = 2C48B0441D8A6FA100A07D16 /* 03_01 */;
			productType = "com.apple.product-type.tool";
		};
		2C48B04E1D8A6FAC00A07D16 /* 03_02 */ = {
			isa = PBXNativeTarget;
			buildConfigurationList = 2C48B0531D8A6FAC00A07D16 /* Build configuration list for PBXNativeTarget "03_02" */;
			buildPhases = (
				2C48B04B1D8A6FAC00A07D16 /* Sources */,
				2C48B04C1D8A6FAC00A07D16 /* Frameworks */,
				2C48B04D1D8A6FAC00A07D16 /* CopyFiles */,
			);
			buildRules = (
			);
			dependencies = (
			);
			name = 03_02;
			productName = 03_02;
			productReference = 2C48B04F1D8A6FAC00A07D16 /* 03_02 */;
			productType = "com.apple.product-type.tool";
		};
/* End PBXNativeTarget section */

/* Begin PBXProject section */
		2C8F11541CF742BC00476B60 /* Project object */ = {
			isa = PBXProject;
			attributes = {
				LastUpgradeCheck = 0800;
				ORGANIZATIONNAME = "Lee Sang Jin";
				TargetAttributes = {
					2C48B0431D8A6FA100A07D16 = {
						CreatedOnToolsVersion = 7.3.1;
					};
					2C48B04E1D8A6FAC00A07D16 = {
						CreatedOnToolsVersion = 7.3.1;
					};
				};
			};
			buildConfigurationList = 2C8F11571CF742BC00476B60 /* Build configuration list for PBXProject "03" */;
			compatibilityVersion = "Xcode 3.2";
			developmentRegion = English;
			hasScannedForEncodings = 0;
			knownRegions = (
				en,
			);
			mainGroup = 2C8F11531CF742BC00476B60;
			productRefGroup = 2C8F115D1CF742BC00476B60 /* Products */;
			projectDirPath = "";
			projectRoot = "";
			targets = (
				2C48B0431D8A6FA100A07D16 /* 03_01 */,
				2C48B04E1D8A6FAC00A07D16 /* 03_02 */,
			);
		};
/* End PBXProject section */

/* Begin PBXSourcesBuildPhase section */
		2C48B0401D8A6FA100A07D16 /* Sources */ = {
			isa = PBXSourcesBuildPhase;
			buildActionMask = 2147483647;
			files = (
				2C48B05A1D8A6FD700A07D16 /* hashsearch.c in Sources */,
				2C48B0591D8A6FD700A07D16 /* 03_01.c in Sources */,
			);
			runOnlyForDeploymentPostprocessing = 0;
		};
		2C48B04B1D8A6FAC00A07D16 /* Sources */ = {
			isa = PBXSourcesBuildPhase;
			buildActionMask = 2147483647;
			files = (
				2C48B0611D8A6FFE00A07D16 /* 03_02.c in Sources */,
				2C48B0621D8A6FFE00A07D16 /* linkedlist.c in Sources */,
				2C48B0631D8A6FFE00A07D16 /* hashsearch_chain.c in Sources */,
			);
			runOnlyForDeploymentPostprocessing = 0;
		};
/* End PBXSourcesBuildPhase section */

/* Begin XCBuildConfiguration section */
		2C48B0491D8A6FA100A07D16 /* Debug */ = {
			isa = XCBuildConfiguration;
			buildSettings = {
				PRODUCT_NAME = "$(TARGET_NAME)";
			};
			name = Debug;
		};
		2C48B04A1D8A6FA100A07D16 /* Release */ = {
			isa = XCBuildConfiguration;
			buildSettings = {
				PRODUCT_NAME = "$(TARGET_NAME)";
			};
			name = Release;
		};
		2C48B0541D8A6FAC00A07D16 /* Debug */ = {
			isa = XCBuildConfiguration;
			buildSettings = {
				PRODUCT_NAME = "$(TARGET_NAME)";
			};
			name = Debug;
		};
		2C48B0551D8A6FAC00A07D16 /* Release */ = {
			isa = XCBuildConfiguration;
			buildSettings = {
				PRODUCT_NAME = "$(TARGET_NAME)";
			};
			name = Release;
		};
		2C8F11611CF742BC00476B60 /* Debug */ = {
			isa = XCBuildConfiguration;
			buildSettings = {
				ALWAYS_SEARCH_USER_PATHS = NO;
				CLANG_ANALYZER_NONNULL = YES;
				CLANG_CXX_LANGUAGE_STANDARD = "gnu++0x";
				CLANG_CXX_LIBRARY = "libc++";
				CLANG_ENABLE_MODULES = YES;
				CLANG_ENABLE_OBJC_ARC = YES;
				CLANG_WARN_BOOL_CONVERSION = YES;
				CLANG_WARN_CONSTANT_CONVERSION = YES;
				CLANG_WARN_DIRECT_OBJC_ISA_USAGE = YES_ERROR;
				CLANG_WARN_EMPTY_BODY = YES;
				CLANG_WARN_ENUM_CONVERSION = YES;
				CLANG_WARN_INFINITE_RECURSION = YES;
				CLANG_WARN_INT_CONVERSION = YES;
				CLANG_WARN_OBJC_ROOT_CLASS = YES_ERROR;
				CLANG_WARN_SUSPICIOUS_MOVE = YES;
				CLANG_WARN_UNREACHABLE_CODE = YES;
				CLANG_WARN__DUPLICATE_METHOD_MATCH = YES;
				CODE_SIGN_IDENTITY = "-";
				COPY_PHASE_STRIP = NO;
				DEBUG_INFORMATION_FORMAT = dwarf;
				ENABLE_STRICT_OBJC_MSGSEND = YES;
				ENABLE_TESTABILITY = YES;
				GCC_C_LANGUAGE_STANDARD = gnu99;
				GCC_DYNAMIC_NO_PIC = NO;
				GCC_NO_COMMON_BLOCKS = YES;
				GCC_OPTIMIZATION_LEVEL = 0;
				GCC_PREPROCESSOR_DEFINITIONS = (
					"DEBUG=1",
					"$(inherited)",
				);
				GCC_WARN_64_TO_32_BIT_CONVERSION = YES;
				GCC_WARN_ABOUT_RETURN_TYPE = YES_ERROR;
				GCC_WARN_UNDECLARED_SELECTOR = YES;
				GCC_WARN_UNINITIALIZED_AUTOS = YES_AGGRESSIVE;
				GCC_WARN_UNUSED_FUNCTION = YES;
				GCC_WARN_UNUSED_VARIABLE = YES;
				MACOSX_DEPLOYMENT_TARGET = 10.11;
				MTL_ENABLE_DEBUG_INFO = YES;
				ONLY_ACTIVE_ARCH = YES;
				SDKROOT = macosx;
			};
			name = Debug;
		};
		2C8F11621CF742BC00476B60 /* Release */ = {
			isa = XCBuildConfiguration;
			buildSettings = {
				ALWAYS_SEARCH_USER_PATHS = NO;
				CLANG_ANALYZER_NONNULL = YES;
				CLANG_CXX_LANGUAGE_STANDARD = "gnu++0x";
				CLANG_CXX_LIBRARY = "libc++";
				CLANG_ENABLE_MODULES = YES;
				CLANG_ENABLE_OBJC_ARC = YES;
				CLANG_WARN_BOOL_CONVERSION = YES;
				CLANG_WARN_CONSTANT_CONVERSION = YES;
				CLANG_WARN_DIRECT_OBJC_ISA_USAGE = YES_ERROR;
				CLANG_WARN_EMPTY_BODY = YES;
				CLANG_WARN_ENUM_CONVERSION = YES;
				CLANG_WARN_INFINITE_RECURSION = YES;
				CLANG_WARN_INT_CONVERSION = YES;
				CLANG_WARN_OBJC_ROOT_CLASS = YES_ERROR;
				CLANG_WARN_SUSPICIOUS_MOVE = YES;
				CLANG_WARN_UNREACHABLE_CODE = YES;
				CLANG_WARN__DUPLICATE_METHOD_MATCH = YES;
				CODE_SIGN_IDENTITY = "-";
				COPY_PHASE_STRIP = NO;
				DEBUG_INFORMATION_FORMAT = "dwarf-with-dsym";
				ENABLE_NS_ASSERTIONS = NO;
				ENABLE_STRICT_OBJC_MSGSEND = YES;
				GCC_C_LANGUAGE_STANDARD = gnu99;
				GCC_NO_COMMON_BLOCKS = YES;
				GCC_WARN_64_TO_32_BIT_CONVERSION = YES;
				GCC_WARN_ABOUT_RETURN_TYPE = YES_ERROR;
				GCC_WARN_UNDECLARED_SELECTOR = YES;
				GCC_WARN_UNINITIALIZED_AUTOS = YES_AGGRESSIVE;
				GCC_WARN_UNUSED_FUNCTION = YES;
				GCC_WARN_UNUSED_VARIABLE = YES;
				MACOSX_DEPLOYMENT_TARGET = 10.11;
				MTL_ENABLE_DEBUG_INFO = NO;
				SDKROOT = macosx;
			};
			name = Release;
		};
/* End XCBuildConfiguration section */

/* Begin XCConfigurationList section */
		2C48B0481D8A6FA100A07D16 /* Build configuration list for PBXNativeTarget "03_01" */ = {
			isa = XCConfigurationList;
			buildConfigurations = (
				2C48B0491D8A6FA100A07D16 /* Debug */,
				2C48B04A1D8A6FA100A07D16 /* Release */,
			);
			defaultConfigurationIsVisible = 0;
			defaultConfigurationName = Release;
		};
		2C48B0531D8A6FAC00A07D16 /* Build configuration list for PBXNativeTarget "03_02" */ = {
			isa = XCConfigurationList;
			buildConfigurations = (
				2C48B0541D8A6FAC00A07D16 /* Debug */,
				2C48B0551D8A6FAC00A07D16 /* Release */,
			);
			defaultConfigurationIsVisible = 0;
			defaultConfigurationName = Release;
		};
		2C8F11571CF742BC00476B60 /* Build configuration list for PBXProject "03" */ = {
			isa = XCConfigurationList;
			buildConfigurations = (
				2C8F11611CF742BC00476B60 /* Debug */,
				2C8F11621CF742BC00476B60 /* Release */,
			);
			defaultConfigurationIsVisible = 0;
			defaultConfigurationName = Release;
		};
/* End XCConfigurationList section */
	};
	rootObject = 2C8F11541CF742BC00476B60 /* Project object */;
}
